// !$*UTF8*$!
{
	archiveVersion = 1;
	classes = {
	};
	objectVersion = 56;
	objects = {

/* Begin PBXBuildFile section */
		52181EA12A2B3EDB00B58E18 /* WalletAppApp.swift in Sources */ = {isa = PBXBuildFile; fileRef = 52181EA02A2B3EDB00B58E18 /* WalletAppApp.swift */; };
		52181EA32A2B3EDB00B58E18 /* ContentView.swift in Sources */ = {isa = PBXBuildFile; fileRef = 52181EA22A2B3EDB00B58E18 /* ContentView.swift */; };
		52181EA52A2B3EDE00B58E18 /* Assets.xcassets in Resources */ = {isa = PBXBuildFile; fileRef = 52181EA42A2B3EDE00B58E18 /* Assets.xcassets */; };
		52181EA82A2B3EDE00B58E18 /* Preview Assets.xcassets in Resources */ = {isa = PBXBuildFile; fileRef = 52181EA72A2B3EDE00B58E18 /* Preview Assets.xcassets */; };
		52181EB22A2B3EDE00B58E18 /* WalletAppTests.swift in Sources */ = {isa = PBXBuildFile; fileRef = 52181EB12A2B3EDE00B58E18 /* WalletAppTests.swift */; };
		52181EBC2A2B3EDE00B58E18 /* WalletAppUITests.swift in Sources */ = {isa = PBXBuildFile; fileRef = 52181EBB2A2B3EDE00B58E18 /* WalletAppUITests.swift */; };
		52181EBE2A2B3EDE00B58E18 /* WalletAppUITestsLaunchTests.swift in Sources */ = {isa = PBXBuildFile; fileRef = 52181EBD2A2B3EDE00B58E18 /* WalletAppUITestsLaunchTests.swift */; };
		5252AF7E2A6ED5AC00ADAA12 /* ProfileAvartar.swift in Sources */ = {isa = PBXBuildFile; fileRef = 5252AF7D2A6ED5AC00ADAA12 /* ProfileAvartar.swift */; };
		5252AF802A72AE7B00ADAA12 /* CardStack.swift in Sources */ = {isa = PBXBuildFile; fileRef = 5252AF7F2A72AE7B00ADAA12 /* CardStack.swift */; };
		52DD120E2A41CE060015BF08 /* data.json in Resources */ = {isa = PBXBuildFile; fileRef = 52DD120D2A41CE060015BF08 /* data.json */; };
		52DD12112A41D50B0015BF08 /* Transactions.swift in Sources */ = {isa = PBXBuildFile; fileRef = 52DD12102A41D50B0015BF08 /* Transactions.swift */; };
		52DD12132A41DA7B0015BF08 /* TransactionListModel.swift in Sources */ = {isa = PBXBuildFile; fileRef = 52DD12122A41DA7B0015BF08 /* TransactionListModel.swift */; };
/* End PBXBuildFile section */

/* Begin PBXContainerItemProxy section */
		52181EAE2A2B3EDE00B58E18 /* PBXContainerItemProxy */ = {
			isa = PBXContainerItemProxy;
			containerPortal = 52181E952A2B3EDB00B58E18 /* Project object */;
			proxyType = 1;
			remoteGlobalIDString = 52181E9C2A2B3EDB00B58E18;
			remoteInfo = WalletApp;
		};
		52181EB82A2B3EDE00B58E18 /* PBXContainerItemProxy */ = {
			isa = PBXContainerItemProxy;
			containerPortal = 52181E952A2B3EDB00B58E18 /* Project object */;
			proxyType = 1;
			remoteGlobalIDString = 52181E9C2A2B3EDB00B58E18;
			remoteInfo = WalletApp;
		};
/* End PBXContainerItemProxy section */

/* Begin PBXFileReference section */
		52181E9D2A2B3EDB00B58E18 /* WalletApp.app */ = {isa = PBXFileReference; explicitFileType = wrapper.application; includeInIndex = 0; path = WalletApp.app; sourceTree = BUILT_PRODUCTS_DIR; };
		52181EA02A2B3EDB00B58E18 /* WalletAppApp.swift */ = {isa = PBXFileReference; lastKnownFileType = sourcecode.swift; path = WalletAppApp.swift; sourceTree = "<group>"; };
		52181EA22A2B3EDB00B58E18 /* ContentView.swift */ = {isa = PBXFileReference; lastKnownFileType = sourcecode.swift; path = ContentView.swift; sourceTree = "<group>"; };
		52181EA42A2B3EDE00B58E18 /* Assets.xcassets */ = {isa = PBXFileReference; lastKnownFileType = folder.assetcatalog; path = Assets.xcassets; sourceTree = "<group>"; };
		52181EA72A2B3EDE00B58E18 /* Preview Assets.xcassets */ = {isa = PBXFileReference; lastKnownFileType = folder.assetcatalog; path = "Preview Assets.xcassets"; sourceTree = "<group>"; };
		52181EAD2A2B3EDE00B58E18 /* WalletAppTests.xctest */ = {isa = PBXFileReference; explicitFileType = wrapper.cfbundle; includeInIndex = 0; path = WalletAppTests.xctest; sourceTree = BUILT_PRODUCTS_DIR; };
		52181EB12A2B3EDE00B58E18 /* WalletAppTests.swift */ = {isa = PBXFileReference; lastKnownFileType = sourcecode.swift; path = WalletAppTests.swift; sourceTree = "<group>"; };
		52181EB72A2B3EDE00B58E18 /* WalletAppUITests.xctest */ = {isa = PBXFileReference; explicitFileType = wrapper.cfbundle; includeInIndex = 0; path = WalletAppUITests.xctest; sourceTree = BUILT_PRODUCTS_DIR; };
		52181EBB2A2B3EDE00B58E18 /* WalletAppUITests.swift */ = {isa = PBXFileReference; lastKnownFileType = sourcecode.swift; path = WalletAppUITests.swift; sourceTree = "<group>"; };
		52181EBD2A2B3EDE00B58E18 /* WalletAppUITestsLaunchTests.swift */ = {isa = PBXFileReference; lastKnownFileType = sourcecode.swift; path = WalletAppUITestsLaunchTests.swift; sourceTree = "<group>"; };
		5252AF7D2A6ED5AC00ADAA12 /* ProfileAvartar.swift */ = {isa = PBXFileReference; lastKnownFileType = sourcecode.swift; path = ProfileAvartar.swift; sourceTree = "<group>"; };
		5252AF7F2A72AE7B00ADAA12 /* CardStack.swift */ = {isa = PBXFileReference; lastKnownFileType = sourcecode.swift; path = CardStack.swift; sourceTree = "<group>"; };
		52DD120D2A41CE060015BF08 /* data.json */ = {isa = PBXFileReference; lastKnownFileType = text.json; path = data.json; sourceTree = "<group>"; };
		52DD12102A41D50B0015BF08 /* Transactions.swift */ = {isa = PBXFileReference; lastKnownFileType = sourcecode.swift; path = Transactions.swift; sourceTree = "<group>"; };
		52DD12122A41DA7B0015BF08 /* TransactionListModel.swift */ = {isa = PBXFileReference; lastKnownFileType = sourcecode.swift; path = TransactionListModel.swift; sourceTree = "<group>"; };
/* End PBXFileReference section */

/* Begin PBXFrameworksBuildPhase section */
		52181E9A2A2B3EDB00B58E18 /* Frameworks */ = {
			isa = PBXFrameworksBuildPhase;
			buildActionMask = 2147483647;
			files = (
			);
			runOnlyForDeploymentPostprocessing = 0;
		};
		52181EAA2A2B3EDE00B58E18 /* Frameworks */ = {
			isa = PBXFrameworksBuildPhase;
			buildActionMask = 2147483647;
			files = (
			);
			runOnlyForDeploymentPostprocessing = 0;
		};
		52181EB42A2B3EDE00B58E18 /* Frameworks */ = {
			isa = PBXFrameworksBuildPhase;
			buildActionMask = 2147483647;
			files = (
			);
			runOnlyForDeploymentPostprocessing = 0;
		};
/* End PBXFrameworksBuildPhase section */

/* Begin PBXGroup section */
		52181E942A2B3EDB00B58E18 = {
			isa = PBXGroup;
			children = (
				52181E9F2A2B3EDB00B58E18 /* WalletApp */,
				52181EB02A2B3EDE00B58E18 /* WalletAppTests */,
				52181EBA2A2B3EDE00B58E18 /* WalletAppUITests */,
				52181E9E2A2B3EDB00B58E18 /* Products */,
			);
			sourceTree = "<group>";
		};
		52181E9E2A2B3EDB00B58E18 /* Products */ = {
			isa = PBXGroup;
			children = (
				52181E9D2A2B3EDB00B58E18 /* WalletApp.app */,
				52181EAD2A2B3EDE00B58E18 /* WalletAppTests.xctest */,
				52181EB72A2B3EDE00B58E18 /* WalletAppUITests.xctest */,
			);
			name = Products;
			sourceTree = "<group>";
		};
		52181E9F2A2B3EDB00B58E18 /* WalletApp */ = {
			isa = PBXGroup;
			children = (
				5252AF7C2A6ED58A00ADAA12 /* Views */,
				52DD120F2A41D31D0015BF08 /* Models */,
				52181EA02A2B3EDB00B58E18 /* WalletAppApp.swift */,
				52181EA22A2B3EDB00B58E18 /* ContentView.swift */,
				52181EA42A2B3EDE00B58E18 /* Assets.xcassets */,
				52DD120D2A41CE060015BF08 /* data.json */,
				52181EA62A2B3EDE00B58E18 /* Preview Content */,
			);
			path = WalletApp;
			sourceTree = "<group>";
		};
		52181EA62A2B3EDE00B58E18 /* Preview Content */ = {
			isa = PBXGroup;
			children = (
				52181EA72A2B3EDE00B58E18 /* Preview Assets.xcassets */,
			);
			path = "Preview Content";
			sourceTree = "<group>";
		};
		52181EB02A2B3EDE00B58E18 /* WalletAppTests */ = {
			isa = PBXGroup;
			children = (
				52181EB12A2B3EDE00B58E18 /* WalletAppTests.swift */,
			);
			path = WalletAppTests;
			sourceTree = "<group>";
		};
		52181EBA2A2B3EDE00B58E18 /* WalletAppUITests */ = {
			isa = PBXGroup;
			children = (
				52181EBB2A2B3EDE00B58E18 /* WalletAppUITests.swift */,
				52181EBD2A2B3EDE00B58E18 /* WalletAppUITestsLaunchTests.swift */,
			);
			path = WalletAppUITests;
			sourceTree = "<group>";
		};
		5252AF7C2A6ED58A00ADAA12 /* Views */ = {
			isa = PBXGroup;
			children = (
				5252AF7D2A6ED5AC00ADAA12 /* ProfileAvartar.swift */,
				5252AF7F2A72AE7B00ADAA12 /* CardStack.swift */,
			);
			path = Views;
			sourceTree = "<group>";
		};
		52DD120F2A41D31D0015BF08 /* Models */ = {
			isa = PBXGroup;
			children = (
				52DD12102A41D50B0015BF08 /* Transactions.swift */,
				52DD12122A41DA7B0015BF08 /* TransactionListModel.swift */,
			);
			path = Models;
			sourceTree = "<group>";
		};
/* End PBXGroup section */

/* Begin PBXNativeTarget section */
		52181E9C2A2B3EDB00B58E18 /* WalletApp */ = {
			isa = PBXNativeTarget;
			buildConfigurationList = 52181EC12A2B3EDE00B58E18 /* Build configuration list for PBXNativeTarget "WalletApp" */;
			buildPhases = (
				52181E992A2B3EDB00B58E18 /* Sources */,
				52181E9A2A2B3EDB00B58E18 /* Frameworks */,
				52181E9B2A2B3EDB00B58E18 /* Resources */,
			);
			buildRules = (
			);
			dependencies = (
			);
			name = WalletApp;
			productName = WalletApp;
			productReference = 52181E9D2A2B3EDB00B58E18 /* WalletApp.app */;
			productType = "com.apple.product-type.application";
		};
		52181EAC2A2B3EDE00B58E18 /* WalletAppTests */ = {
			isa = PBXNativeTarget;
			buildConfigurationList = 52181EC42A2B3EDE00B58E18 /* Build configuration list for PBXNativeTarget "WalletAppTests" */;
			buildPhases = (
				52181EA92A2B3EDE00B58E18 /* Sources */,
				52181EAA2A2B3EDE00B58E18 /* Frameworks */,
				52181EAB2A2B3EDE00B58E18 /* Resources */,
			);
			buildRules = (
			);
			dependencies = (
				52181EAF2A2B3EDE00B58E18 /* PBXTargetDependency */,
			);
			name = WalletAppTests;
			productName = WalletAppTests;
			productReference = 52181EAD2A2B3EDE00B58E18 /* WalletAppTests.xctest */;
			productType = "com.apple.product-type.bundle.unit-test";
		};
		52181EB62A2B3EDE00B58E18 /* WalletAppUITests */ = {
			isa = PBXNativeTarget;
			buildConfigurationList = 52181EC72A2B3EDE00B58E18 /* Build configuration list for PBXNativeTarget "WalletAppUITests" */;
			buildPhases = (
				52181EB32A2B3EDE00B58E18 /* Sources */,
				52181EB42A2B3EDE00B58E18 /* Frameworks */,
				52181EB52A2B3EDE00B58E18 /* Resources */,
			);
			buildRules = (
			);
			dependencies = (
				52181EB92A2B3EDE00B58E18 /* PBXTargetDependency */,
			);
			name = WalletAppUITests;
			productName = WalletAppUITests;
			productReference = 52181EB72A2B3EDE00B58E18 /* WalletAppUITests.xctest */;
			productType = "com.apple.product-type.bundle.ui-testing";
		};
/* End PBXNativeTarget section */

/* Begin PBXProject section */
		52181E952A2B3EDB00B58E18 /* Project object */ = {
			isa = PBXProject;
			attributes = {
				BuildIndependentTargetsInParallel = 1;
				LastSwiftUpdateCheck = 1410;
				LastUpgradeCheck = 1410;
				TargetAttributes = {
					52181E9C2A2B3EDB00B58E18 = {
						CreatedOnToolsVersion = 14.1;
					};
					52181EAC2A2B3EDE00B58E18 = {
						CreatedOnToolsVersion = 14.1;
						TestTargetID = 52181E9C2A2B3EDB00B58E18;
					};
					52181EB62A2B3EDE00B58E18 = {
						CreatedOnToolsVersion = 14.1;
						TestTargetID = 52181E9C2A2B3EDB00B58E18;
					};
				};
			};
			buildConfigurationList = 52181E982A2B3EDB00B58E18 /* Build configuration list for PBXProject "WalletApp" */;
			compatibilityVersion = "Xcode 14.0";
			developmentRegion = en;
			hasScannedForEncodings = 0;
			knownRegions = (
				en,
				Base,
			);
			mainGroup = 52181E942A2B3EDB00B58E18;
			productRefGroup = 52181E9E2A2B3EDB00B58E18 /* Products */;
			projectDirPath = "";
			projectRoot = "";
			targets = (
				52181E9C2A2B3EDB00B58E18 /* WalletApp */,
				52181EAC2A2B3EDE00B58E18 /* WalletAppTests */,
				52181EB62A2B3EDE00B58E18 /* WalletAppUITests */,
			);
		};
/* End PBXProject section */

/* Begin PBXResourcesBuildPhase section */
		52181E9B2A2B3EDB00B58E18 /* Resources */ = {
			isa = PBXResourcesBuildPhase;
			buildActionMask = 2147483647;
			files = (
				52181EA82A2B3EDE00B58E18 /* Preview Assets.xcassets in Resources */,
				52DD120E2A41CE060015BF08 /* data.json in Resources */,
				52181EA52A2B3EDE00B58E18 /* Assets.xcassets in Resources */,
			);
			runOnlyForDeploymentPostprocessing = 0;
		};
		52181EAB2A2B3EDE00B58E18 /* Resources */ = {
			isa = PBXResourcesBuildPhase;
			buildActionMask = 2147483647;
			files = (
			);
			runOnlyForDeploymentPostprocessing = 0;
		};
		52181EB52A2B3EDE00B58E18 /* Resources */ = {
			isa = PBXResourcesBuildPhase;
			buildActionMask = 2147483647;
			files = (
			);
			runOnlyForDeploymentPostprocessing = 0;
		};
/* End PBXResourcesBuildPhase section */

/* Begin PBXSourcesBuildPhase section */
		52181E992A2B3EDB00B58E18 /* Sources */ = {
			isa = PBXSourcesBuildPhase;
			buildActionMask = 2147483647;
			files = (
				52DD12132A41DA7B0015BF08 /* TransactionListModel.swift in Sources */,
				52DD12112A41D50B0015BF08 /* Transactions.swift in Sources */,
				5252AF802A72AE7B00ADAA12 /* CardStack.swift in Sources */,
				52181EA32A2B3EDB00B58E18 /* ContentView.swift in Sources */,
				5252AF7E2A6ED5AC00ADAA12 /* ProfileAvartar.swift in Sources */,
				52181EA12A2B3EDB00B58E18 /* WalletAppApp.swift in Sources */,
			);
			runOnlyForDeploymentPostprocessing = 0;
		};
		52181EA92A2B3EDE00B58E18 /* Sources */ = {
			isa = PBXSourcesBuildPhase;
			buildActionMask = 2147483647;
			files = (
				52181EB22A2B3EDE00B58E18 /* WalletAppTests.swift in Sources */,
			);
			runOnlyForDeploymentPostprocessing = 0;
		};
		52181EB32A2B3EDE00B58E18 /* Sources */ = {
			isa = PBXSourcesBuildPhase;
			buildActionMask = 2147483647;
			files = (
				52181EBC2A2B3EDE00B58E18 /* WalletAppUITests.swift in Sources */,
				52181EBE2A2B3EDE00B58E18 /* WalletAppUITestsLaunchTests.swift in Sources */,
			);
			runOnlyForDeploymentPostprocessing = 0;
		};
/* End PBXSourcesBuildPhase section */

/* Begin PBXTargetDependency section */
		52181EAF2A2B3EDE00B58E18 /* PBXTargetDependency */ = {
			isa = PBXTargetDependency;
			target = 52181E9C2A2B3EDB00B58E18 /* WalletApp */;
			targetProxy = 52181EAE2A2B3EDE00B58E18 /* PBXContainerItemProxy */;
		};
		52181EB92A2B3EDE00B58E18 /* PBXTargetDependency */ = {
			isa = PBXTargetDependency;
			target = 52181E9C2A2B3EDB00B58E18 /* WalletApp */;
			targetProxy = 52181EB82A2B3EDE00B58E18 /* PBXContainerItemProxy */;
		};
/* End PBXTargetDependency section */

/* Begin XCBuildConfiguration section */
		52181EBF2A2B3EDE00B58E18 /* Debug */ = {
			isa = XCBuildConfiguration;
			buildSettings = {
				ALWAYS_SEARCH_USER_PATHS = NO;
				CLANG_ANALYZER_NONNULL = YES;
				CLANG_ANALYZER_NUMBER_OBJECT_CONVERSION = YES_AGGRESSIVE;
				CLANG_CXX_LANGUAGE_STANDARD = "gnu++20";
				CLANG_ENABLE_MODULES = YES;
				CLANG_ENABLE_OBJC_ARC = YES;
				CLANG_ENABLE_OBJC_WEAK = YES;
				CLANG_WARN_BLOCK_CAPTURE_AUTORELEASING = YES;
				CLANG_WARN_BOOL_CONVERSION = YES;
				CLANG_WARN_COMMA = YES;
				CLANG_WARN_CONSTANT_CONVERSION = YES;
				CLANG_WARN_DEPRECATED_OBJC_IMPLEMENTATIONS = YES;
				CLANG_WARN_DIRECT_OBJC_ISA_USAGE = YES_ERROR;
				CLANG_WARN_DOCUMENTATION_COMMENTS = YES;
				CLANG_WARN_EMPTY_BODY = YES;
				CLANG_WARN_ENUM_CONVERSION = YES;
				CLANG_WARN_INFINITE_RECURSION = YES;
				CLANG_WARN_INT_CONVERSION = YES;
				CLANG_WARN_NON_LITERAL_NULL_CONVERSION = YES;
				CLANG_WARN_OBJC_IMPLICIT_RETAIN_SELF = YES;
				CLANG_WARN_OBJC_LITERAL_CONVERSION = YES;
				CLANG_WARN_OBJC_ROOT_CLASS = YES_ERROR;
				CLANG_WARN_QUOTED_INCLUDE_IN_FRAMEWORK_HEADER = YES;
				CLANG_WARN_RANGE_LOOP_ANALYSIS = YES;
				CLANG_WARN_STRICT_PROTOTYPES = YES;
				CLANG_WARN_SUSPICIOUS_MOVE = YES;
				CLANG_WARN_UNGUARDED_AVAILABILITY = YES_AGGRESSIVE;
				CLANG_WARN_UNREACHABLE_CODE = YES;
				CLANG_WARN__DUPLICATE_METHOD_MATCH = YES;
				COPY_PHASE_STRIP = NO;
				DEBUG_INFORMATION_FORMAT = dwarf;
				ENABLE_STRICT_OBJC_MSGSEND = YES;
				ENABLE_TESTABILITY = YES;
				GCC_C_LANGUAGE_STANDARD = gnu11;
				GCC_DYNAMIC_NO_PIC = NO;
				GCC_NO_COMMON_BLOCKS = YES;
				GCC_OPTIMIZATION_LEVEL = 0;
				GCC_PREPROCESSOR_DEFINITIONS = (
					"DEBUG=1",
					"$(inherited)",
				);
				GCC_WARN_64_TO_32_BIT_CONVERSION = YES;
				GCC_WARN_ABOUT_RETURN_TYPE = YES_ERROR;
				GCC_WARN_UNDECLARED_SELECTOR = YES;
				GCC_WARN_UNINITIALIZED_AUTOS = YES_AGGRESSIVE;
				GCC_WARN_UNUSED_FUNCTION = YES;
				GCC_WARN_UNUSED_VARIABLE = YES;
				IPHONEOS_DEPLOYMENT_TARGET = 16.1;
				MTL_ENABLE_DEBUG_INFO = INCLUDE_SOURCE;
				MTL_FAST_MATH = YES;
				ONLY_ACTIVE_ARCH = YES;
				SDKROOT = iphoneos;
				SWIFT_ACTIVE_COMPILATION_CONDITIONS = DEBUG;
				SWIFT_OPTIMIZATION_LEVEL = "-Onone";
			};
			name = Debug;
		};
		52181EC02A2B3EDE00B58E18 /* Release */ = {
			isa = XCBuildConfiguration;
			buildSettings = {
				ALWAYS_SEARCH_USER_PATHS = NO;
				CLANG_ANALYZER_NONNULL = YES;
				CLANG_ANALYZER_NUMBER_OBJECT_CONVERSION = YES_AGGRESSIVE;
				CLANG_CXX_LANGUAGE_STANDARD = "gnu++20";
				CLANG_ENABLE_MODULES = YES;
				CLANG_ENABLE_OBJC_ARC = YES;
				CLANG_ENABLE_OBJC_WEAK = YES;
				CLANG_WARN_BLOCK_CAPTURE_AUTORELEASING = YES;
				CLANG_WARN_BOOL_CONVERSION = YES;
				CLANG_WARN_COMMA = YES;
				CLANG_WARN_CONSTANT_CONVERSION = YES;
				CLANG_WARN_DEPRECATED_OBJC_IMPLEMENTATIONS = YES;
				CLANG_WARN_DIRECT_OBJC_ISA_USAGE = YES_ERROR;
				CLANG_WARN_DOCUMENTATION_COMMENTS = YES;
				CLANG_WARN_EMPTY_BODY = YES;
				CLANG_WARN_ENUM_CONVERSION = YES;
				CLANG_WARN_INFINITE_RECURSION = YES;
				CLANG_WARN_INT_CONVERSION = YES;
				CLANG_WARN_NON_LITERAL_NULL_CONVERSION = YES;
				CLANG_WARN_OBJC_IMPLICIT_RETAIN_SELF = YES;
				CLANG_WARN_OBJC_LITERAL_CONVERSION = YES;
				CLANG_WARN_OBJC_ROOT_CLASS = YES_ERROR;
				CLANG_WARN_QUOTED_INCLUDE_IN_FRAMEWORK_HEADER = YES;
				CLANG_WARN_RANGE_LOOP_ANALYSIS = YES;
				CLANG_WARN_STRICT_PROTOTYPES = YES;
				CLANG_WARN_SUSPICIOUS_MOVE = YES;
				CLANG_WARN_UNGUARDED_AVAILABILITY = YES_AGGRESSIVE;
				CLANG_WARN_UNREACHABLE_CODE = YES;
				CLANG_WARN__DUPLICATE_METHOD_MATCH = YES;
				COPY_PHASE_STRIP = NO;
				DEBUG_INFORMATION_FORMAT = "dwarf-with-dsym";
				ENABLE_NS_ASSERTIONS = NO;
				ENABLE_STRICT_OBJC_MSGSEND = YES;
				GCC_C_LANGUAGE_STANDARD = gnu11;
				GCC_NO_COMMON_BLOCKS = YES;
				GCC_WARN_64_TO_32_BIT_CONVERSION = YES;
				GCC_WARN_ABOUT_RETURN_TYPE = YES_ERROR;
				GCC_WARN_UNDECLARED_SELECTOR = YES;
				GCC_WARN_UNINITIALIZED_AUTOS = YES_AGGRESSIVE;
				GCC_WARN_UNUSED_FUNCTION = YES;
				GCC_WARN_UNUSED_VARIABLE = YES;
				IPHONEOS_DEPLOYMENT_TARGET = 16.1;
				MTL_ENABLE_DEBUG_INFO = NO;
				MTL_FAST_MATH = YES;
				SDKROOT = iphoneos;
				SWIFT_COMPILATION_MODE = wholemodule;
				SWIFT_OPTIMIZATION_LEVEL = "-O";
				VALIDATE_PRODUCT = YES;
			};
			name = Release;
		};
		52181EC22A2B3EDE00B58E18 /* Debug */ = {
			isa = XCBuildConfiguration;
			buildSettings = {
				ASSETCATALOG_COMPILER_APPICON_NAME = AppIcon;
				ASSETCATALOG_COMPILER_GLOBAL_ACCENT_COLOR_NAME = AccentColor;
				CODE_SIGN_STYLE = Automatic;
				CURRENT_PROJECT_VERSION = 1;
				DEVELOPMENT_ASSET_PATHS = "\"WalletApp/Preview Content\"";
				ENABLE_PREVIEWS = YES;
				GENERATE_INFOPLIST_FILE = YES;
				INFOPLIST_KEY_UIApplicationSceneManifest_Generation = YES;
				INFOPLIST_KEY_UIApplicationSupportsIndirectInputEvents = YES;
				INFOPLIST_KEY_UILaunchScreen_Generation = YES;
				INFOPLIST_KEY_UISupportedInterfaceOrientations_iPad = "UIInterfaceOrientationPortrait UIInterfaceOrientationPortraitUpsideDown UIInterfaceOrientationLandscapeLeft UIInterfaceOrientationLandscapeRight";
				INFOPLIST_KEY_UISupportedInterfaceOrientations_iPhone = "UIInterfaceOrientationPortrait UIInterfaceOrientationLandscapeLeft UIInterfaceOrientationLandscapeRight";
				LD_RUNPATH_SEARCH_PATHS = (
					"$(inherited)",
					"@executable_path/Frameworks",
				);
				MARKETING_VERSION = 1.0;
				PRODUCT_BUNDLE_IDENTIFIER = taloases.WalletApp;
				PRODUCT_NAME = "$(TARGET_NAME)";
				SWIFT_EMIT_LOC_STRINGS = YES;
				SWIFT_VERSION = 5.0;
				TARGETED_DEVICE_FAMILY = "1,2";
			};
			name = Debug;
		};
		52181EC32A2B3EDE00B58E18 /* Release */ = {
			isa = XCBuildConfiguration;
			buildSettings = {
				ASSETCATALOG_COMPILER_APPICON_NAME = AppIcon;
				ASSETCATALOG_COMPILER_GLOBAL_ACCENT_COLOR_NAME = AccentColor;
				CODE_SIGN_STYLE = Automatic;
				CURRENT_PROJECT_VERSION = 1;
				DEVELOPMENT_ASSET_PATHS = "\"WalletApp/Preview Content\"";
				ENABLE_PREVIEWS = YES;
				GENERATE_INFOPLIST_FILE = YES;
				INFOPLIST_KEY_UIApplicationSceneManifest_Generation = YES;
				INFOPLIST_KEY_UIApplicationSupportsIndirectInputEvents = YES;
				INFOPLIST_KEY_UILaunchScreen_Generation = YES;
				INFOPLIST_KEY_UISupportedInterfaceOrientations_iPad = "UIInterfaceOrientationPortrait UIInterfaceOrientationPortraitUpsideDown UIInterfaceOrientationLandscapeLeft UIInterfaceOrientationLandscapeRight";
				INFOPLIST_KEY_UISupportedInterfaceOrientations_iPhone = "UIInterfaceOrientationPortrait UIInterfaceOrientationLandscapeLeft UIInterfaceOrientationLandscapeRight";
				LD_RUNPATH_SEARCH_PATHS = (
					"$(inherited)",
					"@executable_path/Frameworks",
				);
				MARKETING_VERSION = 1.0;
				PRODUCT_BUNDLE_IDENTIFIER = taloases.WalletApp;
				PRODUCT_NAME = "$(TARGET_NAME)";
				SWIFT_EMIT_LOC_STRINGS = YES;
				SWIFT_VERSION = 5.0;
				TARGETED_DEVICE_FAMILY = "1,2";
			};
			name = Release;
		};
		52181EC52A2B3EDE00B58E18 /* Debug */ = {
			isa = XCBuildConfiguration;
			buildSettings = {
				ALWAYS_EMBED_SWIFT_STANDARD_LIBRARIES = YES;
				BUNDLE_LOADER = "$(TEST_HOST)";
				CODE_SIGN_STYLE = Automatic;
				CURRENT_PROJECT_VERSION = 1;
				GENERATE_INFOPLIST_FILE = YES;
				IPHONEOS_DEPLOYMENT_TARGET = 16.1;
				MARKETING_VERSION = 1.0;
				PRODUCT_BUNDLE_IDENTIFIER = taloases.WalletAppTests;
				PRODUCT_NAME = "$(TARGET_NAME)";
				SWIFT_EMIT_LOC_STRINGS = NO;
				SWIFT_VERSION = 5.0;
				TARGETED_DEVICE_FAMILY = "1,2";
				TEST_HOST = "$(BUILT_PRODUCTS_DIR)/WalletApp.app/$(BUNDLE_EXECUTABLE_FOLDER_PATH)/WalletApp";
			};
			name = Debug;
		};
		52181EC62A2B3EDE00B58E18 /* Release */ = {
			isa = XCBuildConfiguration;
			buildSettings = {
				ALWAYS_EMBED_SWIFT_STANDARD_LIBRARIES = YES;
				BUNDLE_LOADER = "$(TEST_HOST)";
				CODE_SIGN_STYLE = Automatic;
				CURRENT_PROJECT_VERSION = 1;
				GENERATE_INFOPLIST_FILE = YES;
				IPHONEOS_DEPLOYMENT_TARGET = 16.1;
				MARKETING_VERSION = 1.0;
				PRODUCT_BUNDLE_IDENTIFIER = taloases.WalletAppTests;
				PRODUCT_NAME = "$(TARGET_NAME)";
				SWIFT_EMIT_LOC_STRINGS = NO;
				SWIFT_VERSION = 5.0;
				TARGETED_DEVICE_FAMILY = "1,2";
				TEST_HOST = "$(BUILT_PRODUCTS_DIR)/WalletApp.app/$(BUNDLE_EXECUTABLE_FOLDER_PATH)/WalletApp";
			};
			name = Release;
		};
		52181EC82A2B3EDE00B58E18 /* Debug */ = {
			isa = XCBuildConfiguration;
			buildSettings = {
				ALWAYS_EMBED_SWIFT_STANDARD_LIBRARIES = YES;
				CODE_SIGN_STYLE = Automatic;
				CURRENT_PROJECT_VERSION = 1;
				GENERATE_INFOPLIST_FILE = YES;
				MARKETING_VERSION = 1.0;
				PRODUCT_BUNDLE_IDENTIFIER = taloases.WalletAppUITests;
				PRODUCT_NAME = "$(TARGET_NAME)";
				SWIFT_EMIT_LOC_STRINGS = NO;
				SWIFT_VERSION = 5.0;
				TARGETED_DEVICE_FAMILY = "1,2";
				TEST_TARGET_NAME = WalletApp;
			};
			name = Debug;
		};
		52181EC92A2B3EDE00B58E18 /* Release */ = {
			isa = XCBuildConfiguration;
			buildSettings = {
				ALWAYS_EMBED_SWIFT_STANDARD_LIBRARIES = YES;
				CODE_SIGN_STYLE = Automatic;
				CURRENT_PROJECT_VERSION = 1;
				GENERATE_INFOPLIST_FILE = YES;
				MARKETING_VERSION = 1.0;
				PRODUCT_BUNDLE_IDENTIFIER = taloases.WalletAppUITests;
				PRODUCT_NAME = "$(TARGET_NAME)";
				SWIFT_EMIT_LOC_STRINGS = NO;
				SWIFT_VERSION = 5.0;
				TARGETED_DEVICE_FAMILY = "1,2";
				TEST_TARGET_NAME = WalletApp;
			};
			name = Release;
		};
/* End XCBuildConfiguration section */

/* Begin XCConfigurationList section */
		52181E982A2B3EDB00B58E18 /* Build configuration list for PBXProject "WalletApp" */ = {
			isa = XCConfigurationList;
			buildConfigurations = (
				52181EBF2A2B3EDE00B58E18 /* Debug */,
				52181EC02A2B3EDE00B58E18 /* Release */,
			);
			defaultConfigurationIsVisible = 0;
			defaultConfigurationName = Release;
		};
		52181EC12A2B3EDE00B58E18 /* Build configuration list for PBXNativeTarget "WalletApp" */ = {
			isa = XCConfigurationList;
			buildConfigurations = (
				52181EC22A2B3EDE00B58E18 /* Debug */,
				52181EC32A2B3EDE00B58E18 /* Release */,
			);
			defaultConfigurationIsVisible = 0;
			defaultConfigurationName = Release;
		};
		52181EC42A2B3EDE00B58E18 /* Build configuration list for PBXNativeTarget "WalletAppTests" */ = {
			isa = XCConfigurationList;
			buildConfigurations = (
				52181EC52A2B3EDE00B58E18 /* Debug */,
				52181EC62A2B3EDE00B58E18 /* Release */,
			);
			defaultConfigurationIsVisible = 0;
			defaultConfigurationName = Release;
		};
		52181EC72A2B3EDE00B58E18 /* Build configuration list for PBXNativeTarget "WalletAppUITests" */ = {
			isa = XCConfigurationList;
			buildConfigurations = (
				52181EC82A2B3EDE00B58E18 /* Debug */,
				52181EC92A2B3EDE00B58E18 /* Release */,
			);
			defaultConfigurationIsVisible = 0;
			defaultConfigurationName = Release;
		};
/* End XCConfigurationList section */
	};
	rootObject = 52181E952A2B3EDB00B58E18 /* Project object */;
}
